dependencies:
- name: gitlab
  repository: https://charts.gitlab.io/
  version: 7.1.2
- name: ingress-nginx
  repository: https://kubernetes.github.io/ingress-nginx
  version: 4.2.5
- name: external-dns
  repository: ""
  version: 0.1.0
digest: sha256:57d0fe253838d4a2593fa012c92503f718d4d3f3a1f0ac073ae7dea69a2ea683
generated: "2023-07-13T10:42:49.036592075+02:00"
