dependencies:
- name: gitlab
  repository: https://charts.gitlab.io/
  version: 6.5.2
- name: cert-manager
  repository: https://charts.jetstack.io
  version: v1.9.1
- name: ingress-nginx
  repository: https://kubernetes.github.io/ingress-nginx
  version: 4.2.5
- name: external-dns
  repository: ""
  version: 0.1.0
digest: sha256:cd8a9720bba0cf742802ae6e6258c08cc2bdcf4f846c553173e0b148e5a23f83
generated: "2022-12-28T12:36:13.946868+01:00"
